[[package]]
name = "robotframework"
version = "4.1.2"
description = "Generic automation framework for acceptance testing and robotic process automation (RPA)"
category = "dev"
optional = false
python-versions = "*"

[metadata]
lock-version = "1.1"
python-versions = "^3.8"
content-hash = "a34d7a970fc34d346c58b92ed98d3fa137174a8782b8a754fcabb79c804ceafa"

[metadata.files]
robotframework = [
    {file = "robotframework-4.1.2-py2.py3-none-any.whl", hash = "sha256:6441c774f274ae022a184165287d967a7c1bb0c5f96ff0005f0468f4c979fb2b"},
    {file = "robotframework-4.1.2.zip", hash = "sha256:7ea2454b847cfcb211e2906743c5c4a868ab096ab4ce1547ab102d91fb224443"},
]
